
Microsoft Visual Studio Solution File, Format Version 12.00
# Visual Studio Version 16
VisualStudioVersion = 16.0.30517.126
MinimumVisualStudioVersion = 10.0.40219.1
Project("{FAE04EC0-301F-11D3-BF4B-00C04F79EFBC}") = "DataGridViewPractice", "DataGridViewPractice\DataGridViewPractice.csproj", "{910E1136-B597-466E-8B21-E19D933BD6AF}"
EndProject
Global
	GlobalSection(SolutionConfigurationPlatforms) = preSolution
		Debug|Any CPU = Debug|Any CPU
		Release|Any CPU = Release|Any CPU
	EndGlobalSection
	GlobalSection(ProjectConfigurationPlatforms) = postSolution
		{910E1136-B597-466E-8B21-E19D933BD6AF}.Debug|Any CPU.ActiveCfg = Debug|Any CPU
		{910E1136-B597-466E-8B21-E19D933BD6AF}.Debug|Any CPU.Build.0 = Debug|Any CPU
		{910E1136-B597-466E-8B21-E19D933BD6AF}.Release|Any CPU.ActiveCfg = Release|Any CPU
		{910E1136-B597-466E-8B21-E19D933BD6AF}.Release|Any CPU.Build.0 = Release|Any CPU
	EndGlobalSection
	GlobalSection(SolutionProperties) = preSolution
		HideSolutionNode = FALSE
	EndGlobalSection
	GlobalSection(ExtensibilityGlobals) = postSolution
		SolutionGuid = {7D02E679-0D19-4FA9-B3F8-96CA89A1A583}
	EndGlobalSection
EndGlobal
